
Microsoft Visual Studio Solution File, Format Version 12.00
# Visual Studio Version 16
VisualStudioVersion = 16.0.30114.105
MinimumVisualStudioVersion = 10.0.40219.1
Project("{FAE04EC0-301F-11D3-BF4B-00C04F79EFBC}") = "Race_Track", "Race_Track.csproj", "{46B6FFA2-6E1B-4401-8384-E6A288FEFDAC}"
EndProject
Project("{FAE04EC0-301F-11D3-BF4B-00C04F79EFBC}") = "Race_Track.Tests", "..\Race_Track.Tests\Race_Track.Tests.csproj", "{CBA0407B-AFAE-4E35-A474-7A617AC7C9BB}"
EndProject
Global
	GlobalSection(SolutionConfigurationPlatforms) = preSolution
		Debug|Any CPU = Debug|Any CPU
		Release|Any CPU = Release|Any CPU
	EndGlobalSection
	GlobalSection(ProjectConfigurationPlatforms) = postSolution
		{46B6FFA2-6E1B-4401-8384-E6A288FEFDAC}.Debug|Any CPU.ActiveCfg = Debug|Any CPU
		{46B6FFA2-6E1B-4401-8384-E6A288FEFDAC}.Debug|Any CPU.Build.0 = Debug|Any CPU
		{46B6FFA2-6E1B-4401-8384-E6A288FEFDAC}.Release|Any CPU.ActiveCfg = Release|Any CPU
		{46B6FFA2-6E1B-4401-8384-E6A288FEFDAC}.Release|Any CPU.Build.0 = Release|Any CPU
		{CBA0407B-AFAE-4E35-A474-7A617AC7C9BB}.Debug|Any CPU.ActiveCfg = Debug|Any CPU
		{CBA0407B-AFAE-4E35-A474-7A617AC7C9BB}.Debug|Any CPU.Build.0 = Debug|Any CPU
		{CBA0407B-AFAE-4E35-A474-7A617AC7C9BB}.Release|Any CPU.ActiveCfg = Release|Any CPU
		{CBA0407B-AFAE-4E35-A474-7A617AC7C9BB}.Release|Any CPU.Build.0 = Release|Any CPU
	EndGlobalSection
	GlobalSection(SolutionProperties) = preSolution
		HideSolutionNode = FALSE
	EndGlobalSection
	GlobalSection(ExtensibilityGlobals) = postSolution
		SolutionGuid = {594324C2-9F47-4BB6-B218-BAC938E6CA56}
	EndGlobalSection
EndGlobal
